
Microsoft Visual Studio Solution File, Format Version 12.00
# Visual Studio Version 17
VisualStudioVersion = 17.8.34330.188
MinimumVisualStudioVersion = 10.0.40219.1
Project("{FAE04EC0-301F-11D3-BF4B-00C04F79EFBC}") = "Paint", "Paint\Paint.csproj", "{5AA16E27-82D2-4E6F-9C61-C6DC3B3C7A57}"
EndProject
Global
	GlobalSection(SolutionConfigurationPlatforms) = preSolution
		Debug|Any CPU = Debug|Any CPU
		Release|Any CPU = Release|Any CPU
	EndGlobalSection
	GlobalSection(ProjectConfigurationPlatforms) = postSolution
		{5AA16E27-82D2-4E6F-9C61-C6DC3B3C7A57}.Debug|Any CPU.ActiveCfg = Debug|Any CPU
		{5AA16E27-82D2-4E6F-9C61-C6DC3B3C7A57}.Debug|Any CPU.Build.0 = Debug|Any CPU
		{5AA16E27-82D2-4E6F-9C61-C6DC3B3C7A57}.Release|Any CPU.ActiveCfg = Release|Any CPU
		{5AA16E27-82D2-4E6F-9C61-C6DC3B3C7A57}.Release|Any CPU.Build.0 = Release|Any CPU
	EndGlobalSection
	GlobalSection(SolutionProperties) = preSolution
		HideSolutionNode = FALSE
	EndGlobalSection
	GlobalSection(ExtensibilityGlobals) = postSolution
		SolutionGuid = {6B80AB73-1694-430A-9A93-24C2772A2E8E}
	EndGlobalSection
EndGlobal
